{
  "name": "tiny-rockets",
  "version": "1.0.0",
  "lockfileVersion": 1,
  "requires": true,
  "dependencies": {
    "spaniel": {
      "version": "2.4.1",
      "resolved": "https://registry.npmjs.org/spaniel/-/spaniel-2.4.1.tgz",
      "integrity": "sha512-IMlViQbaKwkQCVmmn3YjYfeIozPPC1BanA4x7SbHwxLIZ++i0O0XEZmEUS/6S3iuPcJTVcFio2+v+UwIJDqq3A=="
    }
  }
}
